
Microsoft Visual Studio Solution File, Format Version 12.00
# Visual Studio Version 17
VisualStudioVersion = 17.2.32616.157
MinimumVisualStudioVersion = 10.0.40219.1
Project("{FAE04EC0-301F-11D3-BF4B-00C04F79EFBC}") = "BookMangmentSystem", "BookMangmentSystem\BookMangmentSystem.csproj", "{07336EEF-7ACF-42FC-BC6A-0A356D180748}"
EndProject
Global
	GlobalSection(SolutionConfigurationPlatforms) = preSolution
		Debug|Any CPU = Debug|Any CPU
		Release|Any CPU = Release|Any CPU
	EndGlobalSection
	GlobalSection(ProjectConfigurationPlatforms) = postSolution
		{07336EEF-7ACF-42FC-BC6A-0A356D180748}.Debug|Any CPU.ActiveCfg = Debug|Any CPU
		{07336EEF-7ACF-42FC-BC6A-0A356D180748}.Debug|Any CPU.Build.0 = Debug|Any CPU
		{07336EEF-7ACF-42FC-BC6A-0A356D180748}.Release|Any CPU.ActiveCfg = Release|Any CPU
		{07336EEF-7ACF-42FC-BC6A-0A356D180748}.Release|Any CPU.Build.0 = Release|Any CPU
	EndGlobalSection
	GlobalSection(SolutionProperties) = preSolution
		HideSolutionNode = FALSE
	EndGlobalSection
	GlobalSection(ExtensibilityGlobals) = postSolution
		SolutionGuid = {3CB50A12-72DE-49BC-999A-4E4B4F85A659}
	EndGlobalSection
EndGlobal
