
Microsoft Visual Studio Solution File, Format Version 12.00
# Visual Studio Version 17
VisualStudioVersion = 17.2.32616.157
MinimumVisualStudioVersion = 10.0.40219.1
Project("{FAE04EC0-301F-11D3-BF4B-00C04F79EFBC}") = "TeacherStudentApp", "TeacherStudentApp\TeacherStudentApp.csproj", "{8485E6E2-1133-44FC-8956-8BE2D1B79C4B}"
EndProject
Global
	GlobalSection(SolutionConfigurationPlatforms) = preSolution
		Debug|Any CPU = Debug|Any CPU
		Release|Any CPU = Release|Any CPU
	EndGlobalSection
	GlobalSection(ProjectConfigurationPlatforms) = postSolution
		{8485E6E2-1133-44FC-8956-8BE2D1B79C4B}.Debug|Any CPU.ActiveCfg = Debug|Any CPU
		{8485E6E2-1133-44FC-8956-8BE2D1B79C4B}.Debug|Any CPU.Build.0 = Debug|Any CPU
		{8485E6E2-1133-44FC-8956-8BE2D1B79C4B}.Release|Any CPU.ActiveCfg = Release|Any CPU
		{8485E6E2-1133-44FC-8956-8BE2D1B79C4B}.Release|Any CPU.Build.0 = Release|Any CPU
	EndGlobalSection
	GlobalSection(SolutionProperties) = preSolution
		HideSolutionNode = FALSE
	EndGlobalSection
	GlobalSection(ExtensibilityGlobals) = postSolution
		SolutionGuid = {50DBAD9C-26F2-41F2-8B6C-688B485AE56A}
	EndGlobalSection
EndGlobal
