
Microsoft Visual Studio Solution File, Format Version 12.00
# Visual Studio Version 17
VisualStudioVersion = 17.2.32616.157
MinimumVisualStudioVersion = 10.0.40219.1
Project("{FAE04EC0-301F-11D3-BF4B-00C04F79EFBC}") = "ManyToManyDBApp", "ManyToManyDBApp\ManyToManyDBApp.csproj", "{95994104-4C75-4607-AC89-203F1EE9C260}"
EndProject
Global
	GlobalSection(SolutionConfigurationPlatforms) = preSolution
		Debug|Any CPU = Debug|Any CPU
		Release|Any CPU = Release|Any CPU
	EndGlobalSection
	GlobalSection(ProjectConfigurationPlatforms) = postSolution
		{95994104-4C75-4607-AC89-203F1EE9C260}.Debug|Any CPU.ActiveCfg = Debug|Any CPU
		{95994104-4C75-4607-AC89-203F1EE9C260}.Debug|Any CPU.Build.0 = Debug|Any CPU
		{95994104-4C75-4607-AC89-203F1EE9C260}.Release|Any CPU.ActiveCfg = Release|Any CPU
		{95994104-4C75-4607-AC89-203F1EE9C260}.Release|Any CPU.Build.0 = Release|Any CPU
	EndGlobalSection
	GlobalSection(SolutionProperties) = preSolution
		HideSolutionNode = FALSE
	EndGlobalSection
	GlobalSection(ExtensibilityGlobals) = postSolution
		SolutionGuid = {DEE7EA96-BBB5-4E5C-B10E-33BACC587F8F}
	EndGlobalSection
EndGlobal
