
Microsoft Visual Studio Solution File, Format Version 12.00
# Visual Studio Version 17
VisualStudioVersion = 17.2.32616.157
MinimumVisualStudioVersion = 10.0.40219.1
Project("{FAE04EC0-301F-11D3-BF4B-00C04F79EFBC}") = "ParametersApllication", "ParametersApllication\ParametersApllication.csproj", "{424D164C-1D08-4DA6-A9D4-296E2E3114F5}"
EndProject
Global
	GlobalSection(SolutionConfigurationPlatforms) = preSolution
		Debug|Any CPU = Debug|Any CPU
		Release|Any CPU = Release|Any CPU
	EndGlobalSection
	GlobalSection(ProjectConfigurationPlatforms) = postSolution
		{424D164C-1D08-4DA6-A9D4-296E2E3114F5}.Debug|Any CPU.ActiveCfg = Debug|Any CPU
		{424D164C-1D08-4DA6-A9D4-296E2E3114F5}.Debug|Any CPU.Build.0 = Debug|Any CPU
		{424D164C-1D08-4DA6-A9D4-296E2E3114F5}.Release|Any CPU.ActiveCfg = Release|Any CPU
		{424D164C-1D08-4DA6-A9D4-296E2E3114F5}.Release|Any CPU.Build.0 = Release|Any CPU
	EndGlobalSection
	GlobalSection(SolutionProperties) = preSolution
		HideSolutionNode = FALSE
	EndGlobalSection
	GlobalSection(ExtensibilityGlobals) = postSolution
		SolutionGuid = {A698AA74-42AE-4B2D-B799-62DA2DE17608}
	EndGlobalSection
EndGlobal
