
Microsoft Visual Studio Solution File, Format Version 12.00
# Visual Studio Version 17
VisualStudioVersion = 17.2.32616.157
MinimumVisualStudioVersion = 10.0.40219.1
Project("{FAE04EC0-301F-11D3-BF4B-00C04F79EFBC}") = "Midterm", "Midterm\Midterm.csproj", "{64BDD6D4-3F70-4EFC-84C2-A0D5E05EA167}"
EndProject
Global
	GlobalSection(SolutionConfigurationPlatforms) = preSolution
		Debug|Any CPU = Debug|Any CPU
		Release|Any CPU = Release|Any CPU
	EndGlobalSection
	GlobalSection(ProjectConfigurationPlatforms) = postSolution
		{64BDD6D4-3F70-4EFC-84C2-A0D5E05EA167}.Debug|Any CPU.ActiveCfg = Debug|Any CPU
		{64BDD6D4-3F70-4EFC-84C2-A0D5E05EA167}.Debug|Any CPU.Build.0 = Debug|Any CPU
		{64BDD6D4-3F70-4EFC-84C2-A0D5E05EA167}.Release|Any CPU.ActiveCfg = Release|Any CPU
		{64BDD6D4-3F70-4EFC-84C2-A0D5E05EA167}.Release|Any CPU.Build.0 = Release|Any CPU
	EndGlobalSection
	GlobalSection(SolutionProperties) = preSolution
		HideSolutionNode = FALSE
	EndGlobalSection
	GlobalSection(ExtensibilityGlobals) = postSolution
		SolutionGuid = {04945186-B912-4F7D-A522-6EEB0F2BCE32}
	EndGlobalSection
EndGlobal
